[[package]]
category = "main"
description = "Asyncio support for PEP-567 contextvars backport."
name = "aiocontextvars"
optional = false
python-versions = ">=3.5"
version = "0.2.1"

[[package]]
category = "main"
description = "Simple DNS resolver for asyncio"
name = "aiodns"
optional = false
python-versions = "*"
version = "1.2.0"

[package.dependencies]
pycares = ">=1.0.0"
typing = "*"

[[package]]
category = "main"
description = "Async http client/server framework (asyncio)"
name = "aiohttp"
optional = false
python-versions = ">=3.5.3"
version = "3.4.4"

[package.dependencies]
async-timeout = ">=3.0,<4.0"
attrs = ">=17.3.0"
chardet = ">=2.0,<4.0"
multidict = ">=4.0,<5.0"
yarl = ">=1.0,<2.0"

[[package]]
category = "main"
description = "A database migration tool for SQLAlchemy."
name = "alembic"
optional = false
python-versions = ">=2.7, !=3.0.*, !=3.1.*, !=3.2.*, !=3.3.*"
version = "1.0.7"

[package.dependencies]
Mako = "*"
SQLAlchemy = ">=0.9.0"
python-dateutil = "*"
python-editor = ">=0.3"

[[package]]
category = "dev"
description = "apipkg: namespace control and lazy-import mechanism"
name = "apipkg"
optional = false
python-versions = ">=2.7, !=3.0.*, !=3.1.*, !=3.2.*, !=3.3.*"
version = "1.5"

[[package]]
category = "dev"
description = "A small Python module for determining appropriate platform-specific dirs, e.g. a \"user data dir\"."
name = "appdirs"
optional = false
python-versions = "*"
version = "1.4.3"

[[package]]
category = "dev"
description = "A few extensions to pyyaml."
name = "aspy.yaml"
optional = false
python-versions = "*"
version = "1.1.2"

[package.dependencies]
pyyaml = "*"

[[package]]
category = "main"
description = "Timeout context manager for asyncio programs"
name = "async-timeout"
optional = false
python-versions = ">=3.5.3"
version = "3.0.1"

[[package]]
category = "main"
description = "An asyncio PosgtreSQL driver"
name = "asyncpg"
optional = false
python-versions = ">=3.5.0"
version = "0.18.2"

[package.extras]
dev = ["Cython (0.29)", "pytest (>=3.6.0)", "Sphinx (>=1.7.0,<1.8.0)", "sphinxcontrib-asyncio (>=0.2.0,<0.3.0)", "sphinx-rtd-theme (>=0.2.0,<0.3.0)", "flake8 (>=3.5.0,<3.6.0)", "uvloop (>=0.8.0)"]
docs = ["Sphinx (>=1.7.0,<1.8.0)", "sphinxcontrib-asyncio (>=0.2.0,<0.3.0)", "sphinx-rtd-theme (>=0.2.0,<0.3.0)"]
test = ["flake8 (>=3.5.0,<3.6.0)", "uvloop (>=0.8.0)"]

[[package]]
category = "dev"
description = "Enhance the standard unittest package with features for testing asyncio libraries"
name = "asynctest"
optional = false
python-versions = ">=3.4"
version = "0.12.2"

[[package]]
category = "dev"
description = "Atomic file writes."
name = "atomicwrites"
optional = false
python-versions = ">=2.7, !=3.0.*, !=3.1.*, !=3.2.*, !=3.3.*"
version = "1.2.1"

[[package]]
category = "main"
description = "Classes Without Boilerplate"
name = "attrs"
optional = false
python-versions = "*"
version = "18.2.0"

[package.extras]
dev = ["coverage", "hypothesis", "pympler", "pytest", "six", "zope.interface", "sphinx", "zope.interface", "pre-commit"]
docs = ["sphinx", "zope.interface"]
tests = ["coverage", "hypothesis", "pympler", "pytest", "six", "zope.interface"]

[[package]]
category = "main"
description = "Screen-scraping library"
name = "beautifulsoup4"
optional = false
python-versions = "*"
version = "4.7.1"

[package.dependencies]
soupsieve = ">=1.2"

[package.extras]
html5lib = ["html5lib"]
lxml = ["lxml"]

[[package]]
category = "dev"
description = "The uncompromising code formatter."
name = "black"
optional = false
python-versions = ">=3.6"
version = "18.9b0"

[package.dependencies]
appdirs = "*"
attrs = ">=17.4.0"
click = ">=6.5"
toml = ">=0.9.4"

[package.extras]
d = ["aiohttp (>=3.3.2)"]

[[package]]
category = "main"
description = ""
name = "botus-receptus"
optional = false
python-versions = "^3.7"
version = "0.0.1a"

[package.dependencies]
async-timeout = ">=3.0.0"
attrs = ">=18.2.0"
click = ">=6.7"
mypy_extensions = ">=0.4.1"
pendulum = "branch update-for-pep-561"
toml = "^0.10.0"
typing-extensions = ">=3.6.4"

[package.dependencies."discord.py"]
extras = ["typings"]
version = "rev 38d25a45f0b4f97c9bb996f33b8c1d9f3f68cdd0"

[package.dependencies.gino]
optional = true
version = "~0.8.1"

[package.dependencies.gino-stubs]
optional = true
version = "rev 291b390566416103ce4c88c10521c40344645dea"

[package.dependencies.sqlalchemy-stubs]
optional = true
version = "rev c0d559246eb9ec24a0bf552253ef4018b5f49a31"

[package.extras]
db = ["asyncpg (>=0.18.2)"]
gino = ["gino (~0.8.1)"]
gino_typed = ["gino (~0.8.1)", "sqlalchemy-stubs", "gino-stubs"]

[package.source]
reference = "6fc82dffe5cc45922db3661e125b168fba86d8f9"
type = "git"
url = "https://github.com/bryanforbes/botus_receptus.git"
[[package]]
category = "main"
description = "cChardet is high speed universal character encoding detector."
name = "cchardet"
optional = false
python-versions = "*"
version = "2.1.4"

[[package]]
category = "dev"
description = "Validate configuration and produce human readable error messages."
name = "cfgv"
optional = false
python-versions = "*"
version = "1.4.0"

[package.dependencies]
six = "*"

[[package]]
category = "main"
description = "Universal encoding detector for Python 2 and 3"
name = "chardet"
optional = false
python-versions = "*"
version = "3.0.4"

[[package]]
category = "main"
description = "Composable command line interface toolkit"
name = "click"
optional = false
python-versions = ">=2.7, !=3.0.*, !=3.1.*, !=3.2.*, !=3.3.*"
version = "7.0"

[[package]]
category = "dev"
description = "Cross-platform colored terminal text."
marker = "sys_platform == \"win32\""
name = "colorama"
optional = false
python-versions = ">=2.7, !=3.0.*, !=3.1.*, !=3.2.*, !=3.3.*"
version = "0.4.1"

[[package]]
category = "dev"
description = "Code coverage measurement for Python"
name = "coverage"
optional = false
python-versions = ">=2.6, !=3.0.*, !=3.1.*, !=3.2.*, <4"
version = "4.5.2"

[[package]]
category = "main"
description = "A python wrapper for the Discord API"
name = "discord.py"
optional = false
python-versions = ">=3.5.3"
version = "1.0.0a1653+g38d25a4"

[package.dependencies]
aiohttp = ">=3.3.0,<3.5.0"
websockets = ">=6.0,<7.0"

[package.dependencies.mypy-extensions]
optional = true
version = ">=0.3.0"

[package.dependencies.typing-extensions]
optional = true
version = ">=3.6.5"

[package.extras]
docs = ["sphinx (1.7.4)", "sphinxcontrib-asyncio", "sphinxcontrib-websupport"]
typings = ["mypy-extensions (>=0.3.0)", "typing-extensions (>=3.6.5)"]
voice = ["PyNaCl (1.2.1)"]

[package.source]
reference = "38d25a45f0b4f97c9bb996f33b8c1d9f3f68cdd0"
type = "git"
url = "https://github.com/bryanforbes/discord.py.git"
[[package]]
category = "dev"
description = "Discover and load entry points from installed packages."
name = "entrypoints"
optional = false
python-versions = ">=2.7"
version = "0.3"

[[package]]
category = "dev"
description = "execnet: rapid multi-Python deployment"
name = "execnet"
optional = false
python-versions = "*"
version = "1.5.0"

[package.dependencies]
apipkg = ">=1.4"

[[package]]
category = "dev"
description = "the modular source code checker: pep8, pyflakes and co"
name = "flake8"
optional = false
python-versions = ">=2.7, !=3.0.*, !=3.1.*, !=3.2.*, !=3.3.*"
version = "3.7.1"

[package.dependencies]
entrypoints = ">=0.3.0,<0.4.0"
mccabe = ">=0.6.0,<0.7.0"
pycodestyle = ">=2.5.0,<2.6.0"
pyflakes = ">=2.1.0,<2.2.0"

[[package]]
category = "dev"
description = "A plugin for flake8 finding likely bugs and design problems in your program. Contains warnings that don't belong in pyflakes and pycodestyle."
name = "flake8-bugbear"
optional = false
python-versions = ">=3.5"
version = "18.8.0"

[package.dependencies]
attrs = "*"
flake8 = ">=3.0.0"

[[package]]
category = "main"
description = "GINO Is Not ORM - a Python asyncio ORM on SQLAlchemy core."
name = "gino"
optional = false
python-versions = ">=3.5"
version = "0.8.1"

[package.dependencies]
SQLAlchemy = ">=1.2"
aiocontextvars = "0.2.1"
asyncpg = "0.18.2"

[[package]]
category = "main"
description = ""
name = "gino-stubs"
optional = false
python-versions = "^3.6"
version = "0.1"

[package.dependencies]
sqlalchemy-stubs = "rev c0d559246eb9ec24a0bf552253ef4018b5f49a31"
typing-extensions = ">=3.6.5"

[package.source]
reference = "291b390566416103ce4c88c10521c40344645dea"
type = "git"
url = "https://github.com/bryanforbes/gino-stubs.git"
[[package]]
category = "dev"
description = "File identification library for Python"
name = "identify"
optional = false
python-versions = "*"
version = "1.2.1"

[[package]]
category = "main"
description = "Internationalized Domain Names in Applications (IDNA)"
name = "idna"
optional = false
python-versions = ">=2.7, !=3.0.*, !=3.1.*, !=3.2.*, !=3.3.*"
version = "2.8"

[[package]]
category = "dev"
description = "Read metadata from Python packages"
name = "importlib-metadata"
optional = false
python-versions = ">=2.7,!=3.0,!=3.1,!=3.2,!=3.3"
version = "0.8"

[package.dependencies]
zipp = ">=0.3.2"

[[package]]
category = "main"
description = "A super-fast templating language that borrows the  best ideas from the existing templating languages."
name = "mako"
optional = false
python-versions = "*"
version = "1.0.7"

[package.dependencies]
MarkupSafe = ">=0.9.2"

[[package]]
category = "main"
description = "Safely add untrusted strings to HTML/XML markup."
name = "markupsafe"
optional = false
python-versions = ">=2.7,!=3.0.*,!=3.1.*,!=3.2.*,!=3.3.*"
version = "1.1.0"

[[package]]
category = "dev"
description = "McCabe checker, plugin for flake8"
name = "mccabe"
optional = false
python-versions = "*"
version = "0.6.1"

[[package]]
category = "main"
description = "More routines for operating on iterables, beyond itertools"
name = "more-itertools"
optional = false
python-versions = "*"
version = "5.0.0"

[package.dependencies]
six = ">=1.0.0,<2.0.0"

[[package]]
category = "main"
description = "multidict implementation"
name = "multidict"
optional = false
python-versions = ">=3.4.1"
version = "4.5.2"

[[package]]
category = "dev"
description = "Optional static typing for Python"
name = "mypy"
optional = false
python-versions = "*"
version = "0.660"

[package.dependencies]
mypy_extensions = ">=0.4.0,<0.5.0"
typed-ast = ">=1.2.0,<1.3.0"

[package.extras]
dmypy = ["psutil (>=5.4.0,<5.5.0)"]

[[package]]
category = "main"
description = "Experimental type system extensions for programs checked with the mypy typechecker."
name = "mypy-extensions"
optional = false
python-versions = "*"
version = "0.4.1"

[[package]]
category = "dev"
description = "Node.js virtual environment builder"
name = "nodeenv"
optional = false
python-versions = "*"
version = "1.3.3"

[[package]]
category = "dev"
description = "Core utilities for Python packages"
name = "packaging"
optional = false
python-versions = ">=2.7, !=3.0.*, !=3.1.*, !=3.2.*, !=3.3.*"
version = "19.0"

[package.dependencies]
pyparsing = ">=2.0.2"
six = "*"

[[package]]
category = "main"
description = ""
name = "pendulum"
optional = false
python-versions = "~2.7 || ^3.4"
version = "2.0.4"

[package.dependencies]
python-dateutil = "^2.6"
pytzdata = ">=2018.3"

[package.source]
reference = "306239b83efbdbbf857ef6b0388276b53cf678be"
type = "git"
url = "https://github.com/bryanforbes/pendulum.git"
[[package]]
category = "dev"
description = "plugin and hook calling mechanisms for python"
name = "pluggy"
optional = false
python-versions = ">=2.7, !=3.0.*, !=3.1.*, !=3.2.*, !=3.3.*"
version = "0.8.1"

[package.extras]
dev = ["pre-commit", "tox"]

[[package]]
category = "dev"
description = "A framework for managing and maintaining multi-language pre-commit hooks."
name = "pre-commit"
optional = false
python-versions = "*"
version = "1.14.2"

[package.dependencies]
"aspy.yaml" = "*"
cfgv = ">=1.4.0"
identify = ">=1.0.0"
importlib-metadata = "*"
nodeenv = ">=0.11.1"
pyyaml = "*"
six = "*"
toml = "*"
virtualenv = "*"

[[package]]
category = "main"
description = "psycopg2 - Python-PostgreSQL Database Adapter"
name = "psycopg2"
optional = false
python-versions = "*"
version = "2.7.7"

[[package]]
category = "dev"
description = "library with cross-python path, ini-parsing, io, code, log facilities"
name = "py"
optional = false
python-versions = ">=2.7, !=3.0.*, !=3.1.*, !=3.2.*, !=3.3.*"
version = "1.7.0"

[[package]]
category = "main"
description = "Python interface for c-ares"
name = "pycares"
optional = false
python-versions = "*"
version = "2.4.0"

[[package]]
category = "dev"
description = "Python style guide checker"
name = "pycodestyle"
optional = false
python-versions = ">=2.7, !=3.0.*, !=3.1.*, !=3.2.*, !=3.3.*"
version = "2.5.0"

[[package]]
category = "dev"
description = "passive checker of Python programs"
name = "pyflakes"
optional = false
python-versions = ">=2.7, !=3.0.*, !=3.1.*, !=3.2.*, !=3.3.*"
version = "2.1.0"

[[package]]
category = "dev"
description = "Python parsing module"
name = "pyparsing"
optional = false
python-versions = "*"
version = "2.3.1"

[[package]]
category = "dev"
description = "pytest: simple powerful testing with Python"
name = "pytest"
optional = false
python-versions = ">=2.7, !=3.0.*, !=3.1.*, !=3.2.*, !=3.3.*"
version = "4.1.1"

[package.dependencies]
atomicwrites = ">=1.0"
attrs = ">=17.4.0"
colorama = "*"
more-itertools = ">=4.0.0"
pluggy = ">=0.7"
py = ">=1.5.0"
setuptools = "*"
six = ">=1.10.0"

[package.extras]
testing = ["hypothesis (>=3.56)", "nose", "requests", "mock"]

[[package]]
category = "dev"
description = "Pytest support for asyncio."
name = "pytest-asyncio"
optional = false
python-versions = ">= 3.5"
version = "0.10.0"

[package.dependencies]
pytest = ">=3.0.6"

[package.extras]
testing = ["async-generator (>=1.3)", "coverage", "hypothesis (>=3.64)"]

[[package]]
category = "dev"
description = "Pytest plugin for measuring coverage."
name = "pytest-cov"
optional = false
python-versions = ">=2.7, !=3.0.*, !=3.1.*, !=3.2.*, !=3.3.*"
version = "2.6.1"

[package.dependencies]
coverage = ">=4.4"
pytest = ">=3.6"

[[package]]
category = "dev"
description = "pytest plugin to check FLAKE8 requirements"
name = "pytest-flake8"
optional = false
python-versions = "*"
version = "1.0.3"

[package.dependencies]
flake8 = ">=3.5"
pytest = ">=3.5"

[[package]]
category = "dev"
description = "run tests in isolated forked subprocesses"
name = "pytest-forked"
optional = false
python-versions = "*"
version = "1.0.1"

[package.dependencies]
pytest = ">=3.1.0"

[[package]]
category = "dev"
description = "Thin-wrapper around the mock package for easier use with py.test"
name = "pytest-mock"
optional = false
python-versions = ">=2.7, !=3.0.*, !=3.1.*, !=3.2.*, !=3.3.*"
version = "1.10.0"

[package.dependencies]
pytest = ">=2.7"

[[package]]
category = "dev"
description = "Mypy static type checker plugin for Pytest"
name = "pytest-mypy"
optional = false
python-versions = "*"
version = "0.3.2"

[package.dependencies]
mypy = ">=0.570,<1.0"
pytest = ">=2.9.2"

[[package]]
category = "dev"
description = "pytest-sugar is a plugin for pytest that changes the default look and feel of pytest (e.g. progressbar, show tests that fail instantly)."
name = "pytest-sugar"
optional = false
python-versions = "*"
version = "0.9.2"

[package.dependencies]
packaging = ">=14.1"
pytest = ">=2.9"
termcolor = ">=1.1.0"

[[package]]
category = "dev"
description = "Plugin for managing VCR.py cassettes"
name = "pytest-vcr"
optional = false
python-versions = "*"
version = "1.0.1"

[package.dependencies]
pytest = ">=3.6.0"
vcrpy = "*"

[[package]]
category = "dev"
description = "pytest xdist plugin for distributed testing and loop-on-failing modes"
name = "pytest-xdist"
optional = false
python-versions = ">=2.7, !=3.0.*, !=3.1.*, !=3.2.*, !=3.3.*"
version = "1.26.1"

[package.dependencies]
execnet = ">=1.1"
pytest = ">=3.6.0"
pytest-forked = "*"
six = "*"

[[package]]
category = "main"
description = "Extensions to the standard Python datetime module"
name = "python-dateutil"
optional = false
python-versions = ">=2.7, !=3.0.*, !=3.1.*, !=3.2.*"
version = "2.7.5"

[package.dependencies]
six = ">=1.5"

[[package]]
category = "main"
description = "Programmatically open an editor, capture the result."
name = "python-editor"
optional = false
python-versions = "*"
version = "1.0.3"

[[package]]
category = "main"
description = "The Olson timezone database for Python."
name = "pytzdata"
optional = false
python-versions = ">=2.7, !=3.0.*, !=3.1.*, !=3.2.*, !=3.3.*"
version = "2018.7"

[[package]]
category = "dev"
description = "YAML parser and emitter for Python"
name = "pyyaml"
optional = false
python-versions = "*"
version = "3.13"

[[package]]
category = "main"
description = "Python 2 and 3 compatibility utilities"
name = "six"
optional = false
python-versions = ">=2.6, !=3.0.*, !=3.1.*"
version = "1.12.0"

[[package]]
category = "main"
description = "A CSS4 selector implementation for Beautiful Soup."
name = "soupsieve"
optional = false
python-versions = "*"
version = "1.7.3"

[[package]]
category = "main"
description = "Database Abstraction Library"
name = "sqlalchemy"
optional = false
python-versions = "*"
version = "1.2.17"

[package.extras]
mssql_pymssql = ["pymssql"]
mssql_pyodbc = ["pyodbc"]
mysql = ["mysqlclient"]
oracle = ["cx-oracle"]
postgresql = ["psycopg2"]
postgresql_pg8000 = ["pg8000"]
postgresql_psycopg2binary = ["psycopg2-binary"]
postgresql_psycopg2cffi = ["psycopg2cffi"]
pymysql = ["pymysql"]

[[package]]
category = "main"
description = ""
name = "sqlalchemy-stubs"
optional = false
python-versions = "*"
version = "0.1"

[package.dependencies]
typing-extensions = ">=3.6.5"

[package.source]
reference = "c0d559246eb9ec24a0bf552253ef4018b5f49a31"
type = "git"
url = "https://github.com/dropbox/sqlalchemy-stubs.git"
[[package]]
category = "dev"
description = "ANSII Color formatting for output in terminal."
name = "termcolor"
optional = false
python-versions = "*"
version = "1.1.0"

[[package]]
category = "main"
description = "Python Library for Tom's Obvious, Minimal Language"
name = "toml"
optional = false
python-versions = "*"
version = "0.10.0"

[[package]]
category = "dev"
description = "a fork of Python 2 and 3 ast modules with type comment support"
name = "typed-ast"
optional = false
python-versions = "*"
version = "1.2.0"

[[package]]
category = "main"
description = "Type Hints for Python"
name = "typing"
optional = false
python-versions = "*"
version = "3.6.6"

[[package]]
category = "main"
description = "Backported and Experimental Type Hints for Python 3.5+"
name = "typing-extensions"
optional = false
python-versions = "*"
version = "3.7.2"

[package.dependencies]
typing = ">=3.6.2"

[[package]]
category = "main"
description = "Ultra fast JSON encoder and decoder for Python"
name = "ujson"
optional = false
python-versions = "*"
version = "1.35"

[[package]]
category = "main"
description = "Fast implementation of asyncio event loop on top of libuv"
name = "uvloop"
optional = false
python-versions = "*"
version = "0.12.0"

[[package]]
category = "dev"
description = "Automatically mock your HTTP interactions to simplify and speed up testing"
name = "vcrpy"
optional = false
python-versions = ">=2.7, !=3.0.*, !=3.1.*, !=3.2.*, !=3.3.*"
version = "2.0.1"

[package.dependencies]
PyYAML = "*"
six = ">=1.5"
wrapt = "*"

[package.dependencies.yarl]
python = ">=3.4"
version = "*"

[[package]]
category = "dev"
description = "Virtual Python Environment builder"
name = "virtualenv"
optional = false
python-versions = ">=2.7, !=3.0.*, !=3.1.*, !=3.2.*, !=3.3.*"
version = "16.3.0"

[package.dependencies]
setuptools = ">=18.0.0"

[package.extras]
docs = ["sphinx (>=1.8.0,<2)", "towncrier (>=18.5.0)", "sphinx-rtd-theme (>=0.4.2,<1)"]
testing = ["pytest (>=4.0.0,<5)", "coverage (>=4.5.0,<5)", "six (>=1.10.0,<2)", "pytest-localserver", "pypiserver", "pytest-timeout (>=1.3.0,<2)", "pytest-xdist", "mock", "xonsh"]

[[package]]
category = "main"
description = "An implementation of the WebSocket Protocol (RFC 6455 & 7692)"
name = "websockets"
optional = false
python-versions = ">=3.4"
version = "6.0"

[[package]]
category = "dev"
description = "Module for decorators, wrappers and monkey patching."
name = "wrapt"
optional = false
python-versions = "*"
version = "1.11.1"

[[package]]
category = "main"
description = "Yet another URL library"
name = "yarl"
optional = false
python-versions = ">=3.5.3"
version = "1.3.0"

[package.dependencies]
idna = ">=2.0"
multidict = ">=4.0"

[[package]]
category = "dev"
description = "Pathlib-compatible object wrapper for zip files"
name = "zipp"
optional = false
python-versions = ">=2.7"
version = "0.3.3"

[package.extras]
docs = ["sphinx", "jaraco.packaging (>=3.2)", "rst.linker (>=1.9)"]
testing = ["pytest (>=3.5,<3.7.3 || >3.7.3)", "pytest-checkdocs", "pytest-flake8", "pathlib2"]

[metadata]
content-hash = "53f9ce7f3d14f911340597d73544cef8a14b04fe1db4089054cfa9fb56c11324"
python-versions = "^3.7"

[metadata.hashes]
aiocontextvars = ["1e0ff5837c8b01c36a1107acdd0baf7853ebdf6c9fc43e8e311f4be37ac2038a", "6ff7aee14f549d52f0446cbb84d0deddcd3fc677bcf8fbc2ce13f5756d2064dc"]
aiodns = ["970688599fcb7d65334ec490a94a51afd634ae2de8a2138d21e2ffbbddc12718", "d67e14b32176bcf3ff79b5d47c466011ce4adeadfa264f7949da1377332a0449"]
aiohttp = ["0419705a36b43c0ac6f15469f9c2a08cad5c939d78bd12a5c23ea167c8253b2b", "1812fc4bc6ac1bde007daa05d2d0f61199324e0cc893b11523e646595047ca08", "2214b5c0153f45256d5d52d1e0cafe53f9905ed035a142191727a5fb620c03dd", "275909137f0c92c61ba6bb1af856a522d5546f1de8ea01e4e726321c697754ac", "3983611922b561868428ea1e7269e757803713f55b53502423decc509fef1650", "51afec6ffa50a9da4cdef188971a802beb1ca8e8edb40fa429e5e529db3475fa", "589f2ec8a101a0f340453ee6945bdfea8e1cd84c8d88e5be08716c34c0799d95", "789820ddc65e1f5e71516adaca2e9022498fa5a837c79ba9c692a9f8f916c330", "7a968a0bdaaf9abacc260911775611c9a602214a23aeb846f2eb2eeaa350c4dc", "7aeefbed253f59ea39e70c5848de42ed85cb941165357fc7e87ab5d8f1f9592b", "7b2eb55c66512405103485bd7d285a839d53e7fdc261ab20e5bcc51d7aaff5de", "87bc95d3d333bb689c8d755b4a9d7095a2356108002149523dfc8e607d5d32a4", "9d80e40db208e29168d3723d1440ecbb06054d349c5ece6a2c5a611490830dd7", "a1b442195c2a77d33e4dbee67c9877ccbdd3a1f686f91eb479a9577ed8cc326b", "ab3d769413b322d6092f169f316f7b21cd261a7589f7e31db779d5731b0480d8", "b066d3dec5d0f5aee6e34e5765095dc3d6d78ef9839640141a2b20816a0642bd", "b24e7845ae8de3e388ef4bcfcf7f96b05f52c8e633b33cf8003a6b1d726fc7c2", "c59a953c3f8524a7c86eaeaef5bf702555be12f5668f6384149fe4bb75c52698", "cf2cc6c2c10d242790412bea7ccf73726a9a44b4c4b073d2699ef3b48971fd95", "e0c9c8d4150ae904f308ff27b35446990d2b1dfc944702a21925937e937394c6", "f1839db4c2b08a9c8f9788112644f8a8557e8e0ecc77b07091afabb941dc55d0", "f3df52362be39908f9c028a65490fae0475e4898b43a03d8aa29d1e765b45e07"]
alembic = ["16505782b229007ae905ef9e0ae6e880fddafa406f086ac7d442c1aaf712f8c2"]
apipkg = ["37228cda29411948b422fae072f57e31d3396d2ee1c9783775980ee9c9990af6", "58587dd4dc3daefad0487f6d9ae32b4542b185e1c36db6993290e7c41ca2b47c"]
appdirs = ["9e5896d1372858f8dd3344faf4e5014d21849c756c8d5701f78f8a103b372d92", "d8b24664561d0d34ddfaec54636d502d7cea6e29c3eaf68f3df6180863e2166e"]
"aspy.yaml" = ["19dd2ee74f96b72a3096d78be1a872914c70982299cda137725478954870a896", "5eaaacd0886e8b581f0e4ff383fb6504720bb2b3c7be17307724246261a41adf"]
async-timeout = ["0c3c816a028d47f659d6ff5c745cb2acf1f966da1fe5c19c77a70282b25f4c5f", "4291ca197d287d274d0b6cb5d6f8f8f82d434ed288f962539ff18cc9012f9ea3"]
asyncpg = ["08a0afa32588a04581975fb09dc7c32a873e84481347d8701aba2c4360b70253", "0b5b6d17d5e160e6c3b28f07b770de4ad464483ae2d27863973547e9b754f752", "0f97e1bbc3a89508e6c7458b5145c540c9ae8fcf2be08807601701a7e0e61e6f", "14892f2d715496da3d46b5ea968e48a30d6de15d60ae8e8d1e00605120b0d2b4", "22751a565c6e559d968565f2a4ed5803260f107171ed5cb81304573c13138438", "4534b146687e737acb56051ce57040454d79c017281b1bea82610e34aac6a9c7", "58d36d6cd77ac9ca55a9f0ad96dca859e51debde2ba62b3274dc897a1dce81ea", "60f45ce145d9eaba8f8382c9c2003ebcfff19db8cfdc1fc26e61387bc9d4b378", "6b3f1edf5dd3a9b332d34207101d2e2921beb194b9f41a50a2b669280c695a52", "6c18bddbfc9cb5ce4bf41fc273a964018d6b9a5db144f927aa33246125b09d5b", "7540f66f8dfd3a46cd146fc459dd331dd16ea4c7ffb882434d58e334e3d93f7d", "8863143f8ffa3ebe690b23ebdf3667f1286478e2dccdd4da94fb0403276be4b1", "9c730d9ac150cbeae07d9773451150c06b8797187a72b936fbfe349337ff5fba", "a50072efe844f7758253b96c0878364725a412c23070253dba44719124b6bbf2", "c8523c518a9db479b85b9d756d38afe946fa1727ffe6976b2e6fd856e0716e20", "eb1d1951fa6842884c0f3d520b74fd7975d48cae7d3561ae24cc348fbd3dc677"]
asynctest = ["56bd75b03df55956d57437db26700503d1013616314db5d1ea1a73be1186fd71", "77520850ae21620ec31738f4a7b467acaa44de6d3752d8ac7a9f4dcf55d77853"]
atomicwrites = ["0312ad34fcad8fac3704d441f7b317e50af620823353ec657a53e981f92920c0", "ec9ae8adaae229e4f8446952d204a3e4b5fdd2d099f9be3aaf556120135fb3ee"]
attrs = ["10cbf6e27dbce8c30807caf056c8eb50917e0eaafe86347671b57254006c3e69", "ca4be454458f9dec299268d472aaa5a11f67a4ff70093396e1ceae9c76cf4bbb"]
beautifulsoup4 = ["034740f6cb549b4e932ae1ab975581e6103ac8f942200a0e9759065984391858", "945065979fb8529dd2f37dbb58f00b661bdbcbebf954f93b32fdf5263ef35348", "ba6d5c59906a85ac23dadfe5c88deaf3e179ef565f4898671253e50a78680718"]
black = ["817243426042db1d36617910df579a54f1afd659adb96fc5032fcf4b36209739", "e030a9a28f542debc08acceb273f228ac422798e5215ba2a791a6ddeaaca22a5"]
botus-receptus = []
cchardet = ["079aa02a14072874d943a671ba778a9def5b0e3cedc2ac9f59308526cfb31472", "3e048a21688dcb4c797f40c8deb3600887bcaf435620256fd8becd4252012750", "41fced7a6f05ef859fe3eac89fc2120aca3cbbfd2b6c803bed3ee4bf02956903", "440903d5dca3d326f4b841e7fa760b6af1be4f950ead1a6ff77b76eaa46f0cd3", "50170f346527c5df4d3cb94648ca187c666e61c0db6e510b984e867c44709d8b", "6c55a6e7bc7337671c9f1ad90746c0efb2b2979ff4305c7ca1d7d381f05174c1", "7f581ea172b252034f745dfd49733966b73b73907bdef0b47ad5f2008b797d54", "80f7b087198827e60c81574c321b12f89188eae626ae1567d66808928be42f88", "8ba753ff73ca2f3554999a0e027eab9450f6ffdb7e92e1b4e13b52be89995349", "9ad8f61d6d1ca37bd4b954ad92d461ea4f58d0dc413b0790a5abed7c09e54996", "a35bd23cedbaa87cc9300af1dd10bb03fda41894045fbca7bfdf1d350b813f25", "a8feb9a7def2310e18c27e485a21a38669abe8c2e36b93c6ce1a1363495d4cdf", "aa9dd4cee8a5210a6d0a7b263b98dc50637e00401fc4a5ad3ce2dbef54fdfa02", "ab9858a0673262e467619df91f425cfef0590dcf5deef5c0c7945e9dc4dbd7d8", "b09a488bbb35be95f82845e3c4312be9025e8377975b027eee67e0b39445e070", "b2893d558761b3534cddf5a49ba8d77df3d8f964d7b14680b925f4a85fc13476", "b5a8f9b229a30cd2432572d15e169483bc47c24418772ff58d0585050631c2fd", "bded54eeccd5f810bc69e076b3d9a35819a92e5e0559ad274b9ae9061b1b881d", "cbc206061e69561af6e4cba11f99abd928346c6b5bcdc83eb32ae40e9fc23a5f", "cc9745e0400da4cfb49f075e7819f22473b66443f953427058fee2c7b9547cc0", "db30bf3825702c07fc55a290d41663fd8151f870642a15667bbabf81fff21e0b", "eeeb1b95bb5851dda93ee522860a0e6066d47921cb1d540cb778346e37e5a524", "f1c3919fb71ac5da3aeee42c5b731c99dcd2beed71db7fdc28ca993c173f0402"]
cfgv = ["39d9055c47e3932908fe25abd5807e21dc002630db01c7a5f05738d027e2b706", "41d22dd864c474f919ecb88900000d2410d640315f75bdb79b3abf9347089641"]
chardet = ["84ab92ed1c4d4f16916e05906b6b75a6c0fb5db821cc65e70cbd64a3e2a5eaae", "fc323ffcaeaed0e0a02bf4d117757b98aed530d9ed4531e3e15460124c106691"]
click = ["2335065e6395b9e67ca716de5f7526736bfa6ceead690adf616d925bdc622b13", "5b94b49521f6456670fdb30cd82a4eca9412788a93fa6dd6df72c94d5a8ff2d7"]
colorama = ["05eed71e2e327246ad6b38c540c4a3117230b19679b875190486ddd2d721422d", "f8ac84de7840f5b9c4e3347b3c1eaa50f7e49c2b07596221daec5edaabbd7c48"]
coverage = ["06123b58a1410873e22134ca2d88bd36680479fe354955b3579fb8ff150e4d27", "09e47c529ff77bf042ecfe858fb55c3e3eb97aac2c87f0349ab5a7efd6b3939f", "0a1f9b0eb3aa15c990c328535655847b3420231af299386cfe5efc98f9c250fe", "0cc941b37b8c2ececfed341444a456912e740ecf515d560de58b9a76562d966d", "0d34245f824cc3140150ab7848d08b7e2ba67ada959d77619c986f2062e1f0e8", "10e8af18d1315de936d67775d3a814cc81d0747a1a0312d84e27ae5610e313b0", "1b4276550b86caa60606bd3572b52769860a81a70754a54acc8ba789ce74d607", "1e8a2627c48266c7b813975335cfdea58c706fe36f607c97d9392e61502dc79d", "258b21c5cafb0c3768861a6df3ab0cfb4d8b495eee5ec660e16f928bf7385390", "2b224052bfd801beb7478b03e8a66f3f25ea56ea488922e98903914ac9ac930b", "3ad59c84c502cd134b0088ca9038d100e8fb5081bbd5ccca4863f3804d81f61d", "447c450a093766744ab53bf1e7063ec82866f27bcb4f4c907da25ad293bba7e3", "46101fc20c6f6568561cdd15a54018bb42980954b79aa46da8ae6f008066a30e", "4710dc676bb4b779c4361b54eb308bc84d64a2fa3d78e5f7228921eccce5d815", "510986f9a280cd05189b42eee2b69fecdf5bf9651d4cd315ea21d24a964a3c36", "5535dda5739257effef56e49a1c51c71f1d37a6e5607bb25a5eee507c59580d1", "5a7524042014642b39b1fcae85fb37556c200e64ec90824ae9ecf7b667ccfc14", "5f55028169ef85e1fa8e4b8b1b91c0b3b0fa3297c4fb22990d46ff01d22c2d6c", "6694d5573e7790a0e8d3d177d7a416ca5f5c150742ee703f3c18df76260de794", "6831e1ac20ac52634da606b658b0b2712d26984999c9d93f0c6e59fe62ca741b", "71afc1f5cd72ab97330126b566bbf4e8661aab7449f08895d21a5d08c6b051ff", "7349c27128334f787ae63ab49d90bf6d47c7288c63a0a5dfaa319d4b4541dd2c", "77f0d9fa5e10d03aa4528436e33423bfa3718b86c646615f04616294c935f840", "828ad813c7cdc2e71dcf141912c685bfe4b548c0e6d9540db6418b807c345ddd", "859714036274a75e6e57c7bab0c47a4602d2a8cfaaa33bbdb68c8359b2ed4f5c", "85a06c61598b14b015d4df233d249cd5abfa61084ef5b9f64a48e997fd829a82", "869ef4a19f6e4c6987e18b315721b8b971f7048e6eaea29c066854242b4e98d9", "8cb4febad0f0b26c6f62e1628f2053954ad2c555d67660f28dfb1b0496711952", "977e2d9a646773cc7428cdd9a34b069d6ee254fadfb4d09b3f430e95472f3cf3", "99bd767c49c775b79fdcd2eabff405f1063d9d959039c0bdd720527a7738748a", "a5c58664b23b248b16b96253880b2868fb34358911400a7ba39d7f6399935389", "aaa0f296e503cda4bc07566f592cd7a28779d433f3a23c48082af425d6d5a78f", "ab235d9fe64833f12d1334d29b558aacedfbca2356dfb9691f2d0d38a8a7bfb4", "b3b0c8f660fae65eac74fbf003f3103769b90012ae7a460863010539bb7a80da", "bab8e6d510d2ea0f1d14f12642e3f35cefa47a9b2e4c7cea1852b52bc9c49647", "c45297bbdbc8bb79b02cf41417d63352b70bcb76f1bbb1ee7d47b3e89e42f95d", "d19bca47c8a01b92640c614a9147b081a1974f69168ecd494687c827109e8f42", "d64b4340a0c488a9e79b66ec9f9d77d02b99b772c8b8afd46c1294c1d39ca478", "da969da069a82bbb5300b59161d8d7c8d423bc4ccd3b410a9b4d8932aeefc14b", "ed02c7539705696ecb7dc9d476d861f3904a8d2b7e894bd418994920935d36bb", "ee5b8abc35b549012e03a7b1e86c09491457dba6c94112a2482b18589cc2bdb9"]
"discord.py" = []
entrypoints = ["589f874b313739ad35be6e0cd7efde2a4e9b6fea91edcc34e58ecbb8dbe56d19", "c70dd71abe5a8c85e55e12c19bd91ccfeec11a6e99044204511f9ed547d48451"]
execnet = ["a7a84d5fa07a089186a329528f127c9d73b9de57f1a1131b82bb5320ee651f6a", "fc155a6b553c66c838d1a22dba1dc9f5f505c43285a878c6f74a79c024750b83"]
flake8 = ["545c8faa8425cafcd9800538b4fa324a543cdec0ac273cf698ddd6a954123401", "e9ca1bb84d76511315e565a2cdd292d916b08b0d639aa3e323d8c7d895a03897"]
flake8-bugbear = ["07b6e769d7f4e168d590f7088eae40f6ddd9fa4952bed31602def65842682c83", "0ccf56975f4db1d69dc1cf3598c99d768ebf95d0cad27d76087954aa399b515a"]
gino = ["3471e2f5b44f787eff3381d47e3e252ba184749ba2747adca06658d56272e912", "741cc5b96fbf8d7f62a8ce37efc14204ab67a17efa78c38b34f74fcc8155b4b2"]
gino-stubs = []
identify = ["0749c74180ef0f6a3874eaa0bf89a6990a523233180e83e6f3c7c27312ac9ba3", "1cf14bc0324d83a742f558051db0c2cbe15d8b9ae1c59dfefbe38935f1d1ee31"]
idna = ["c357b3f628cf53ae2c4c05627ecc484553142ca23264e593d327bcde5e9c3407", "ea8b7f6188e6fa117537c3df7da9fc686d485087abf6ac197f9c46432f7e4a3c"]
importlib-metadata = ["a17ce1a8c7bff1e8674cb12c992375d8d0800c9190177ecf0ad93e0097224095", "b50191ead8c70adfa12495fba19ce6d75f2e0275c14c5a7beb653d6799b512bd"]
mako = ["4e02fde57bd4abb5ec400181e4c314f56ac3e49ba4fb8b0d50bba18cb27d25ae"]
markupsafe = ["048ef924c1623740e70204aa7143ec592504045ae4429b59c30054cb31e3c432", "130f844e7f5bdd8e9f3f42e7102ef1d49b2e6fdf0d7526df3f87281a532d8c8b", "19f637c2ac5ae9da8bfd98cef74d64b7e1bb8a63038a3505cd182c3fac5eb4d9", "1b8a7a87ad1b92bd887568ce54b23565f3fd7018c4180136e1cf412b405a47af", "1c25694ca680b6919de53a4bb3bdd0602beafc63ff001fea2f2fc16ec3a11834", "1f19ef5d3908110e1e891deefb5586aae1b49a7440db952454b4e281b41620cd", "1fa6058938190ebe8290e5cae6c351e14e7bb44505c4a7624555ce57fbbeba0d", "31cbb1359e8c25f9f48e156e59e2eaad51cd5242c05ed18a8de6dbe85184e4b7", "3e835d8841ae7863f64e40e19477f7eb398674da6a47f09871673742531e6f4b", "4e97332c9ce444b0c2c38dd22ddc61c743eb208d916e4265a2a3b575bdccb1d3", "525396ee324ee2da82919f2ee9c9e73b012f23e7640131dd1b53a90206a0f09c", "52b07fbc32032c21ad4ab060fec137b76eb804c4b9a1c7c7dc562549306afad2", "52ccb45e77a1085ec5461cde794e1aa037df79f473cbc69b974e73940655c8d7", "5c3fbebd7de20ce93103cb3183b47671f2885307df4a17a0ad56a1dd51273d36", "5e5851969aea17660e55f6a3be00037a25b96a9b44d2083651812c99d53b14d1", "5edfa27b2d3eefa2210fb2f5d539fbed81722b49f083b2c6566455eb7422fd7e", "7d263e5770efddf465a9e31b78362d84d015cc894ca2c131901a4445eaa61ee1", "83381342bfc22b3c8c06f2dd93a505413888694302de25add756254beee8449c", "857eebb2c1dc60e4219ec8e98dfa19553dae33608237e107db9c6078b1167856", "98e439297f78fca3a6169fd330fbe88d78b3bb72f967ad9961bcac0d7fdd1550", "bf54103892a83c64db58125b3f2a43df6d2cb2d28889f14c78519394feb41492", "d9ac82be533394d341b41d78aca7ed0e0f4ba5a2231602e2f05aa87f25c51672", "e982fe07ede9fada6ff6705af70514a52beb1b2c3d25d4e873e82114cf3c5401", "edce2ea7f3dfc981c4ddc97add8a61381d9642dc3273737e756517cc03e84dd6", "efdc45ef1afc238db84cb4963aa689c0408912a0239b0721cb172b4016eb31d6", "f137c02498f8b935892d5c0172560d7ab54bc45039de8805075e19079c639a9c", "f82e347a72f955b7017a39708a3667f106e6ad4d10b25f237396a7115d8ed5fd", "fb7c206e01ad85ce57feeaaa0bf784b97fa3cad0d4a5737bc5295785f5c613a1"]
mccabe = ["ab8a6258860da4b6677da4bd2fe5dc2c659cff31b3ee4f7f5d64e79735b80d42", "dd8d182285a0fe56bace7f45b5e7d1a6ebcbf524e8f3bd87eb0f125271b8831f"]
more-itertools = ["38a936c0a6d98a38bcc2d03fdaaedaba9f412879461dd2ceff8d37564d6522e4", "c0a5785b1109a6bd7fac76d6837fd1feca158e54e521ccd2ae8bfe393cc9d4fc", "fe7a7cae1ccb57d33952113ff4fa1bc5f879963600ed74918f1236e212ee50b9"]
multidict = ["024b8129695a952ebd93373e45b5d341dbb87c17ce49637b34000093f243dd4f", "041e9442b11409be5e4fc8b6a97e4bcead758ab1e11768d1e69160bdde18acc3", "045b4dd0e5f6121e6f314d81759abd2c257db4634260abcfe0d3f7083c4908ef", "047c0a04e382ef8bd74b0de01407e8d8632d7d1b4db6f2561106af812a68741b", "068167c2d7bbeebd359665ac4fff756be5ffac9cda02375b5c5a7c4777038e73", "148ff60e0fffa2f5fad2eb25aae7bef23d8f3b8bdaf947a65cdbe84a978092bc", "1d1c77013a259971a72ddaa83b9f42c80a93ff12df6a4723be99d858fa30bee3", "1d48bc124a6b7a55006d97917f695effa9725d05abe8ee78fd60d6588b8344cd", "31dfa2fc323097f8ad7acd41aa38d7c614dd1960ac6681745b6da124093dc351", "34f82db7f80c49f38b032c5abb605c458bac997a6c3142e0d6c130be6fb2b941", "3d5dd8e5998fb4ace04789d1d008e2bb532de501218519d70bb672c4c5a2fc5d", "4a6ae52bd3ee41ee0f3acf4c60ceb3f44e0e3bc52ab7da1c2b2aa6703363a3d1", "4b02a3b2a2f01d0490dd39321c74273fed0568568ea0e7ea23e02bd1fb10a10b", "4b843f8e1dd6a3195679d9838eb4670222e8b8d01bc36c9894d6c3538316fa0a", "5de53a28f40ef3c4fd57aeab6b590c2c663de87a5af76136ced519923d3efbb3", "61b2b33ede821b94fa99ce0b09c9ece049c7067a33b279f343adfe35108a4ea7", "6a3a9b0f45fd75dc05d8e93dc21b18fc1670135ec9544d1ad4acbcf6b86781d0", "76ad8e4c69dadbb31bad17c16baee61c0d1a4a73bed2590b741b2e1a46d3edd0", "7ba19b777dc00194d1b473180d4ca89a054dd18de27d0ee2e42a103ec9b7d014", "7c1b7eab7a49aa96f3db1f716f0113a8a2e93c7375dd3d5d21c4941f1405c9c5", "7fc0eee3046041387cbace9314926aa48b681202f8897f8bff3809967a049036", "8ccd1c5fff1aa1427100ce188557fc31f1e0a383ad8ec42c559aabd4ff08802d", "8e08dd76de80539d613654915a2f5196dbccc67448df291e69a88712ea21e24a", "c18498c50c59263841862ea0501da9f2b3659c00db54abfbf823a80787fde8ce", "c49db89d602c24928e68c0d510f4fcf8989d77defd01c973d6cbe27e684833b1", "ce20044d0317649ddbb4e54dab3c1bcc7483c78c27d3f58ab3d0c7e6bc60d26a", "d1071414dd06ca2eafa90c85a079169bfeb0e5f57fd0b45d44c092546fcd6fd9", "d3be11ac43ab1a3e979dac80843b42226d5d3cccd3986f2e03152720a4297cd7", "db603a1c235d110c860d5f39988ebc8218ee028f07a7cbc056ba6424372ca31b"]
mypy = ["986a7f97808a865405c5fd98fae5ebfa963c31520a56c783df159e9a81e41b3e", "cc5df73cc11d35655a8c364f45d07b13c8db82c000def4bd7721be13356533b4"]
mypy-extensions = ["37e0e956f41369209a3d5f34580150bcacfabaa57b33a15c0b25f4b5725e0812", "b16cabe759f55e3409a7d231ebd2841378fb0c27a5d1994719e340e4f429ac3e"]
nodeenv = ["ad8259494cf1c9034539f6cced78a1da4840a4b157e23640bc4a0c0546b0cb7a"]
packaging = ["0c98a5d0be38ed775798ece1b9727178c4469d9c3b4ada66e8e6b7849f8732af", "9e1cbf8c12b1f1ce0bb5344b8d7ecf66a6f8a6e91bcb0c84593ed6d3ab5c4ab3"]
pendulum = []
pluggy = ["8ddc32f03971bfdf900a81961a48ccf2fb677cf7715108f85295c67405798616", "980710797ff6a041e9a73a5787804f848996ecaa6f8a1b1e08224a5894f2074a"]
pre-commit = ["2cb7a588fdc78e4ec4e624932765e65d285159f4b3425121106cbd9060e40e04", "74ee5779a17ef540efdf9a832911fe9057b1bb57d5d0152eace6534a228a863b"]
psycopg2 = ["02445ebbb3a11a3fe8202c413d5e6faf38bb75b4e336203ee144ca2c46529f94", "0e9873e60f98f0c52339abf8f0339d1e22bfe5aae0bcf7aabd40c055175035ec", "1148a5eb29073280bf9057c7fc45468592c1bb75a28f6df1591adb93c8cb63d0", "259a8324e109d4922b0fcd046e223e289830e2568d6f4132a3702439e5fd532b", "28dffa9ed4595429e61bacac41d3f9671bb613d1442ff43bcbec63d4f73ed5e8", "314a74302d4737a3865d40ea50e430ce1543c921ba10f39d562e807cfe2edf2a", "36b60201b6d215d7658a71493fdf6bd5e60ad9a0cffed39906627ff9f4f3afd3", "3f9d532bce54c4234161176ff3b8688ff337575ca441ea27597e112dfcd0ee0c", "5d222983847b40af989ad96c07fc3f07e47925e463baa5de716be8f805b41d9b", "6757a6d2fc58f7d8f5d471ad180a0bd7b4dd3c7d681f051504fbea7ae29c8d6f", "6a0e0f1e74edb0ab57d89680e59e7bfefad2bfbdf7c80eb38304d897d43674bb", "6ca703ccdf734e886a1cf53eb702261110f6a8b0ed74bcad15f1399f74d3f189", "8513b953d8f443c446aa79a4cc8a898bd415fc5e29349054f03a7d696d495542", "9262a5ce2038570cb81b4d6413720484cb1bc52c064b2f36228d735b1f98b794", "97441f851d862a0c844d981cbee7ee62566c322ebb3d68f86d66aa99d483985b", "a07feade155eb8e69b54dd6774cf6acf2d936660c61d8123b8b6b1f9247b67d6", "a9b9c02c91b1e3ec1f1886b2d0a90a0ea07cc529cb7e6e472b556bc20ce658f3", "ae88216f94728d691b945983140bf40d51a1ff6c7fe57def93949bf9339ed54a", "b360ffd17659491f1a6ad7c928350e229c7b7bd83a2b922b6ee541245c7a776f", "b4221957ceccf14b2abdabef42d806e791350be10e21b260d7c9ce49012cc19e", "b90758e49d5e6b152a460d10b92f8a6ccf318fcc0ee814dcf53f3a6fc5328789", "c669ea986190ed05fb289d0c100cc88064351f2b85177cbfd3564c4f4847d18c", "d1b61999d15c79cf7f4f7cc9021477aef35277fc52452cf50fd13b713c84424d", "de7bb043d1adaaf46e38d47e7a5f703bb3dab01376111e522b07d25e1a79c1e1", "e393568e288d884b94d263f2669215197840d097c7e5b0acd1a51c1ea7d1aba8", "ed7e0849337bd37d89f2c2b0216a0de863399ee5d363d31b1e5330a99044737b", "f153f71c3164665d269a5d03c7fa76ba675c7a8de9dc09a4e2c2cdc9936a7b41", "f1fb5a8427af099beb7f65093cbdb52e021b8e6dbdfaf020402a623f4181baf5", "f36b333e9f86a2fba960c72b90c34be6ca71819e300f7b1fc3d2b0f0b2c546cd", "f4526d078aedd5187d0508aa5f9a01eae6a48a470ed678406da94b4cd6524b7e"]
py = ["bf92637198836372b520efcba9e020c330123be8ce527e535d185ed4b6f45694", "e76826342cefe3c3d5f7e8ee4316b80d1dd8a300781612ddbc765c17ba25a6c6"]
pycares = ["080ae0f1b1b754be60b6ef31b9ab2915364c210eb1cb4d8e089357c89d7b9819", "0eccb76dff0155ddf793a589c6270e1bdbf6975b2824d18d1d23db2075d7fc96", "223a03d69e864a18d7bb2e0108bca5ba069ef91e5b048b953ed90ea9f50eb77f", "289e49f98adfd7a2ae3656df26e1d62cf49a06bbc03ced63f243c22cd8919adf", "292ac442a1d4ff27d41be748ec19f0c4ff47efebfb715064ba336564ea0f2071", "34771095123da0e54597fe3c5585a28d3799945257e51b378a20778bf33573b6", "34c8865f2d047be4c301ce90a916c7748be597e271c5c7932e8b9a6de85840f4", "36af260b215f86ebfe4a5e4aea82fd6036168a5710cbf8aad77019ab52156dda", "5e8e2a461717da40482b5fecf1119116234922d29660b3c3e01cbc5ba2cbf4bd", "61e77bd75542c56dff49434fedbafb25604997bc57dc0ebf791a5732503cb1bb", "691740c332f38a9035b4c6d1f0e6c8af239466ef2373a894d4393f0ea65c815d", "6bc0e0fdcb4cdc4ca06aa0b07e6e3560d62b2af79ef0ea4589835fcd2059012b", "96db5c93e2fe2e39f519efb7bb9d86aef56f5813fa0b032e47aba329fa925d57", "af701b22c91b3e36f65ee9f4b1bc2fe4800c8ed486eb6ef203624acbe53d026d", "b25bd21bba9c43d44320b719118c2ce35e4a78031f61d906caeb01316d49dafb", "c42f68319f8ea2322ed81c31a86c4e60547e6e90f3ebef479a7a7540bddbf268", "cc9a8d35af12bc5f484f3496f9cb3ab5bedfa4dcf3dfff953099453d88b659a7", "dfee9d198ba6d6f29aa5bf510bfb2c28a60c3f308116f114c9fd311980d3e870", "e1dd02e110a7a97582097ebba6713d9da28583b538c08e8a14bc82169c5d3e10", "e48c586c80a139c6c7fb0298b944d1c40752cf839bc8584cc793e42a8971ba6c", "f509762dec1a70eac32b86c098f37ac9c5d3d4a8a9098983328377c9e71543b2", "f8e0d61733843844f9019c911d5676818d99c4cd2c54b91de58384c7d962862b", "fe20280fed496deba60e0f6437b7672bdc83bf45e243bb546af47c60c85bcfbc"]
pycodestyle = ["95a2219d12372f05704562a14ec30bc76b05a5b297b21a5dfe3f6fac3491ae56", "e40a936c9a450ad81df37f549d676d127b1b66000a6c500caa2b085bc0ca976c"]
pyflakes = ["5e8c00e30c464c99e0b501dc160b13a14af7f27d4dffb529c556e30a159e231d", "f277f9ca3e55de669fba45b7393a1449009cff5a37d1af10ebb76c52765269cd"]
pyparsing = ["66c9268862641abcac4a96ba74506e594c884e3f57690a696d21ad8210ed667a", "f6c5ef0d7480ad048c054c37632c67fca55299990fff127850181659eea33fc3"]
pytest = ["41568ea7ecb4a68d7f63837cf65b92ce8d0105e43196ff2b26622995bb3dc4b2", "c3c573a29d7c9547fb90217ece8a8843aa0c1328a797e200290dc3d0b4b823be"]
pytest-asyncio = ["9fac5100fd716cbecf6ef89233e8590a4ad61d729d1732e0a96b84182df1daaf", "d734718e25cfc32d2bf78d346e99d33724deeba774cc4afdf491530c6184b63b"]
pytest-cov = ["0ab664b25c6aa9716cbf203b17ddb301932383046082c081b9848a0edf5add33", "230ef817450ab0699c6cc3c9c8f7a829c34674456f2ed8df1fe1d39780f7c87f"]
pytest-flake8 = ["b2c71fb6d469bae076a01c43d4a83485d740db6a8a00bad77e0657ed035e98d4", "e6a407e8effa623d839e4994799c2a4674ff46219d39533fc0afccf39af53fc1"]
pytest-forked = ["260d03fbd38d5ce41a657759e8d19bc7c8cfa6d0dcfa36c0bc9742d33bc30742", "8d05c2e6f33cd4422571b2b1bb309720c398b0549cff499e3e4cde661875ab54"]
pytest-mock = ["53801e621223d34724926a5c98bd90e8e417ce35264365d39d6c896388dcc928", "d89a8209d722b8307b5e351496830d5cc5e192336003a485443ae9adeb7dd4c0"]
pytest-mypy = ["8f6436eed8118afd6c10a82b3b60fb537336736b0fd7a29262a656ac42ce01ac", "acc653210e7d8d5c72845a5248f00fd33f4f3379ca13fe56cfc7b749b5655c3e"]
pytest-sugar = ["26cf8289fe10880cbbc130bd77398c4e6a8b936d8393b116a5c16121d95ab283", "fcd87a74b2bce5386d244b49ad60549bfbc4602527797fac167da147983f58ab"]
pytest-vcr = ["5e5bfa522667007723db331823d5d351724da2d95e88bd4cf141fa4e267faba2"]
pytest-xdist = ["4a201bb3ee60f5dd6bb40c5209d4e491cecc4d5bafd656cfb10f86178786e568", "d03d1ff1b008458ed04fa73e642d840ac69b4107c168e06b71037c62d7813dd4"]
python-dateutil = ["063df5763652e21de43de7d9e00ccf239f953a832941e37be541614732cdfc93", "88f9287c0174266bb0d8cedd395cfba9c58e87e5ad86b2ce58859bc11be3cf02"]
python-editor = ["a3c066acee22a1c94f63938341d4fb374e3fdd69366ed6603d7b24bed1efc565"]
pytzdata = ["10c74b0cfc51a9269031f86ecd11096c9c6a141f5bb15a3b8a88f9979f6361e2", "279cbd9900d5da9a8f9053e60db0db7f42d9a799673744b76aaeb6b4f14abe77"]
pyyaml = ["3d7da3009c0f3e783b2c873687652d83b1bbfd5c88e9813fb7e5b03c0dd3108b", "3ef3092145e9b70e3ddd2c7ad59bdd0252a94dfe3949721633e41344de00a6bf", "40c71b8e076d0550b2e6380bada1f1cd1017b882f7e16f09a65be98e017f211a", "558dd60b890ba8fd982e05941927a3911dc409a63dcb8b634feaa0cda69330d3", "a7c28b45d9f99102fa092bb213aa12e0aaf9a6a1f5e395d36166639c1f96c3a1", "aa7dd4a6a427aed7df6fb7f08a580d68d9b118d90310374716ae90b710280af1", "bc558586e6045763782014934bfaf39d48b8ae85a2713117d16c39864085c613", "d46d7982b62e0729ad0175a9bc7e10a566fc07b224d2c79fafb5e032727eaa04", "d5eef459e30b09f5a098b9cea68bebfeb268697f78d647bd255a085371ac7f3f", "e01d3203230e1786cd91ccfdc8f8454c8069c91bee3962ad93b87a4b2860f537", "e170a9e6fcfd19021dd29845af83bb79236068bf5fd4df3327c1be18182b2531"]
six = ["3350809f0555b11f552448330d0b52d5f24c91a322ea4a15ef22629740f3761c", "d16a0141ec1a18405cd4ce8b4613101da75da0e9a7aec5bdd4fa804d0e0eba73"]
soupsieve = ["466910df7561796a60748826781ebe9a888f7a1668a636ae86783f44d10aae73", "87db12ae79194f0ff9808d2b1641c4f031ae39ffa3cab6b907ea7c1e5e5ed445"]
sqlalchemy = ["52a42dbf02d0562d6e90e7af59f177f1cc027e72833cc29c3a821eefa009c71d"]
sqlalchemy-stubs = []
termcolor = ["1d6d69ce66211143803fbc56652b41d73b4a400a2891d7bf7a1cdf4c02de613b"]
toml = ["229f81c57791a41d65e399fc06bf0848bab550a9dfd5ed66df18ce5f05e73d5c", "235682dd292d5899d361a811df37e04a8828a5b1da3115886b73cf81ebc9100e", "f1db651f9657708513243e61e6cc67d101a39bad662eaa9b5546f789338e07a3"]
typed-ast = ["023625bfa9359e29bd6e24cac2a4503495b49761d48a5f1e38333fc4ac4d93fe", "07591f7a5fdff50e2e566c4c1e9df545c75d21e27d98d18cb405727ed0ef329c", "153e526b0f4ffbfada72d0bb5ffe8574ba02803d2f3a9c605c8cf99dfedd72a2", "3ad2bdcd46a4a1518d7376e9f5016d17718a9ed3c6a3f09203d832f6c165de4a", "3ea98c84df53ada97ee1c5159bb3bc784bd734231235a1ede14c8ae0775049f7", "51a7141ccd076fa561af107cfb7a8b6d06a008d92451a1ac7e73149d18e9a827", "52c93cd10e6c24e7ac97e8615da9f224fd75c61770515cb323316c30830ddb33", "6344c84baeda3d7b33e157f0b292e4dd53d05ddb57a63f738178c01cac4635c9", "64699ca1b3bd5070bdeb043e6d43bc1d0cebe08008548f4a6bee782b0ecce032", "74903f2e56bbffe29282ef8a5487d207d10be0f8513b41aff787d954a4cf91c9", "7891710dba83c29ee2bd51ecaa82f60f6bede40271af781110c08be134207bf2", "91976c56224e26c256a0de0f76d2004ab885a29423737684b4f7ebdd2f46dde2", "9bad678a576ecc71f25eba9f1e3fd8d01c28c12a2834850b458428b3e855f062", "b4726339a4c180a8b6ad9d8b50d2b6dc247e1b79b38fe2290549c98e82e4fd15", "ba36f6aa3f8933edf94ea35826daf92cbb3ec248b89eccdc053d4a815d285357", "bbc96bde544fd19e9ef168e4dfa5c3dfe704bfa78128fa76f361d64d6b0f731a", "c0c927f1e44469056f7f2dada266c79b577da378bbde3f6d2ada726d131e4824", "c0f9a3708008aa59f560fa1bd22385e05b79b8e38e0721a15a8402b089243442", "f0bf6f36ff9c5643004171f11d2fdc745aa3953c5aacf2536a0685db9ceb3fb1", "f5be39a0146be663cbf210a4d95c3c58b2d7df7b043c9047c5448e358f0550a2", "fcd198bf19d9213e5cbf2cde2b9ef20a9856e716f76f9476157f90ae6de06cc6"]
typing = ["4027c5f6127a6267a435201981ba156de91ad0d1d98e9ddc2aa173453453492d", "57dcf675a99b74d64dacf6fba08fb17cf7e3d5fdff53d4a30ea2a5e7e52543d4", "a4c8473ce11a65999c8f59cb093e70686b6c84c98df58c1dae9b3b196089858a"]
typing-extensions = ["07b2c978670896022a43c4b915df8958bec4a6b84add7f2c87b2b728bda3ba64", "f3f0e67e1d42de47b5c67c32c9b26641642e9170fe7e292991793705cd5fef7c", "fb2cd053238d33a8ec939190f30cfd736c00653a85a2919415cecf7dc3d9da71"]
ujson = ["f66073e5506e91d204ab0c614a148d5aa938bdbf104751be66f8ad7a222f5f86"]
uvloop = ["0ff2e67b693f7d2007466952dbe312075098e8f15364fda27d16e8a7f266d74d", "2d0029314dc87312ff8d46c3724363d847e5235403eced5d3f98da80a87f4828", "32dcc003e1973f3db303494f5f63db11091c86a146053773d81ac5484b10c416", "4301871418f967d0b13409f1bd10ecc7825a7f183282dcc9e19d08532e6cb2e9", "7639188ff4466d86cfd4418cd784d1198a8cc913279fb8798a4b12a4d42ad341", "a73649cd043f5d3e3ae471667c790a7ee2295b22fac7bedcae8705158f8ba111", "afdf34bf507090e4c7f5108a17240982760356b8aae4edd37180ec4f94c36cbb", "bd7a6db5dbfae0c93e27cb200bb2b9513e21a90a2d4a259b39a9b5446c4d5aa3", "cc27e903da274f76826848832f62e1ec410a43602e1e0cd4f8db8c619b1ee93e", "ec521d14ddcdd9f8d0075d7d1f82e9d8806f7f0a047d2e5bc737e9eddf7f930d"]
vcrpy = ["127e79cf7b569d071d1bd761b83f7b62b2ce2a2eb63ceca7aa67cba8f2602ea3", "57be64aa8e9883a4117d0b15de28af62275c001abcdb00b6dc2d4406073d9a4f"]
virtualenv = ["58c359370401e0af817fb0070911e599c5fdc836166306b04fd0f278151ed125", "729f0bcab430e4ef137646805b5b1d8efbb43fe53d4a0f33328624a84a5121f7"]
websockets = ["0e2f7d6567838369af074f0ef4d0b802d19fa1fee135d864acc656ceefa33136", "2a16dac282b2fdae75178d0ed3d5b9bc3258dabfae50196cbb30578d84b6f6a6", "5a1fa6072405648cb5b3688e9ed3b94be683ce4a4e5723e6f5d34859dee495c1", "5c1f55a1274df9d6a37553fef8cff2958515438c58920897675c9bc70f5a0538", "669d1e46f165e0ad152ed8197f7edead22854a6c90419f544e0f234cc9dac6c4", "695e34c4dbea18d09ab2c258994a8bf6a09564e762655408241f6a14592d2908", "6b2e03d69afa8d20253455e67b64de1a82ff8612db105113cccec35d3f8429f0", "79ca7cdda7ad4e3663ea3c43bfa8637fc5d5604c7737f19a8964781abbd1148d", "7fd2dd9a856f72e6ed06f82facfce01d119b88457cd4b47b7ae501e8e11eba9c", "82c0354ac39379d836719a77ee360ef865377aa6fdead87909d50248d0f05f4d", "8f3b956d11c5b301206382726210dc1d3bee1a9ccf7aadf895aaf31f71c3716c", "91ec98640220ae05b34b79ee88abf27f97ef7c61cf525eec57ea8fcea9f7dddb", "952be9540d83dba815569d5cb5f31708801e0bbfc3a8c5aef1890b57ed7e58bf", "99ac266af38ba1b1fe13975aea01ac0e14bb5f3a3200d2c69f05385768b8568e", "9fa122e7adb24232247f8a89f2d9070bf64b7869daf93ac5e19546b409e47e96", "a0873eadc4b8ca93e2e848d490809e0123eea154aa44ecd0109c4d0171869584", "cb998bd4d93af46b8b49ecf5a72c0a98e5cc6d57fdca6527ba78ad89d6606484", "e02e57346f6a68523e3c43bbdf35dde5c440318d1f827208ae455f6a2ace446d", "e79a5a896bcee7fff24a788d72e5c69f13e61369d055f28113e71945a7eb1559", "ee55eb6bcf23ecc975e6b47c127c201b913598f38b6a300075f84eeef2d3baff", "f1414e6cbcea8d22843e7eafdfdfae3dd1aba41d1945f6ca66e4806c07c4f454"]
wrapt = ["4aea003270831cceb8a90ff27c4031da6ead7ec1886023b80ce0dfe0adf61533"]
yarl = ["024ecdc12bc02b321bc66b41327f930d1c2c543fa9a561b39861da9388ba7aa9", "2f3010703295fbe1aec51023740871e64bb9664c789cba5a6bdf404e93f7568f", "3890ab952d508523ef4881457c4099056546593fa05e93da84c7250516e632eb", "3e2724eb9af5dc41648e5bb304fcf4891adc33258c6e14e2a7414ea32541e320", "5badb97dd0abf26623a9982cd448ff12cb39b8e4c94032ccdedf22ce01a64842", "73f447d11b530d860ca1e6b582f947688286ad16ca42256413083d13f260b7a0", "7ab825726f2940c16d92aaec7d204cfc34ac26c0040da727cf8ba87255a33829", "b25de84a8c20540531526dfbb0e2d2b648c13fd5dd126728c496d7c3fea33310", "c6e341f5a6562af74ba55205dbd56d248daf1b5748ec48a0200ba227bb9e33f4", "c9bb7c249c4432cd47e75af3864bc02d26c9594f49c82e2a28624417f0ae63b8", "e060906c0c585565c718d1c3841747b61c5439af2211e185f6739a9412dfbde1"]
zipp = ["55ca87266c38af6658b84db8cfb7343cdb0bf275f93c7afaea0d8e7a209c7478", "682b3e1c62b7026afe24eadf6be579fb45fec54c07ea218bded8092af07a68c4"]
